
Microsoft Visual Studio Solution File, Format Version 12.00
# Visual Studio Version 16
VisualStudioVersion = 16.0.31005.135
MinimumVisualStudioVersion = 10.0.40219.1
Project("{2150E333-8FDC-42A3-9474-1A3956D46DE8}") = "Solution Items", "Solution Items", "{A862AD49-3494-4025-9CA7-EAB7E387F738}"
	ProjectSection(SolutionItems) = preProject
		.editorconfig = .editorconfig
		.gitattributes = .gitattributes
		.gitignore = .gitignore
		LICENSE = LICENSE
		README.md = README.md
	EndProjectSection
EndProject
Project("{9A19103F-16F7-4668-BE54-9A1E7A4F7556}") = "SGP.Shared", "src\SGP.Shared\SGP.Shared.csproj", "{7AFD8537-6821-49CC-A324-237BB78CC417}"
EndProject
Project("{9A19103F-16F7-4668-BE54-9A1E7A4F7556}") = "SGP.Domain", "src\SGP.Domain\SGP.Domain.csproj", "{0FFEFA59-1037-445D-9793-C361310B94AB}"
EndProject
Project("{9A19103F-16F7-4668-BE54-9A1E7A4F7556}") = "SGP.Infrastructure", "src\SGP.Infrastructure\SGP.Infrastructure.csproj", "{BF0F4669-1B12-4EA5-B91F-047C54E4F661}"
EndProject
Project("{9A19103F-16F7-4668-BE54-9A1E7A4F7556}") = "SGP.ConsoleApp", "src\SGP.ConsoleApp\SGP.ConsoleApp.csproj", "{3027C243-24C4-4175-A00F-4DF253B89BAA}"
EndProject
Project("{2150E333-8FDC-42A3-9474-1A3956D46DE8}") = "src", "src", "{1A7E254F-9AE3-4A7C-8EAE-D478A87D6592}"
EndProject
Project("{9A19103F-16F7-4668-BE54-9A1E7A4F7556}") = "SGP.Application", "src\SGP.Application\SGP.Application.csproj", "{358BFC61-85A0-46EF-BD0F-2EEB25BD5EE5}"
EndProject
Project("{2150E333-8FDC-42A3-9474-1A3956D46DE8}") = "tests", "tests", "{C3E53C44-C421-44E4-834C-AB622D660DF5}"
EndProject
Project("{9A19103F-16F7-4668-BE54-9A1E7A4F7556}") = "SGP.InfrastructureTests", "src\SGP.InfrastructureTests\SGP.InfrastructureTests.csproj", "{2654F4F9-4B30-466D-A96A-0975015F9E0A}"
EndProject
Project("{FAE04EC0-301F-11D3-BF4B-00C04F79EFBC}") = "SGP.DomainTests", "src\SGP.DomainTests\SGP.DomainTests.csproj", "{410D2683-7E8C-4E0B-ABA1-23FDB1B0E633}"
EndProject
Global
	GlobalSection(SolutionConfigurationPlatforms) = preSolution
		Debug|Any CPU = Debug|Any CPU
		Release|Any CPU = Release|Any CPU
	EndGlobalSection
	GlobalSection(ProjectConfigurationPlatforms) = postSolution
		{7AFD8537-6821-49CC-A324-237BB78CC417}.Debug|Any CPU.ActiveCfg = Debug|Any CPU
		{7AFD8537-6821-49CC-A324-237BB78CC417}.Debug|Any CPU.Build.0 = Debug|Any CPU
		{7AFD8537-6821-49CC-A324-237BB78CC417}.Release|Any CPU.ActiveCfg = Release|Any CPU
		{7AFD8537-6821-49CC-A324-237BB78CC417}.Release|Any CPU.Build.0 = Release|Any CPU
		{0FFEFA59-1037-445D-9793-C361310B94AB}.Debug|Any CPU.ActiveCfg = Debug|Any CPU
		{0FFEFA59-1037-445D-9793-C361310B94AB}.Debug|Any CPU.Build.0 = Debug|Any CPU
		{0FFEFA59-1037-445D-9793-C361310B94AB}.Release|Any CPU.ActiveCfg = Release|Any CPU
		{0FFEFA59-1037-445D-9793-C361310B94AB}.Release|Any CPU.Build.0 = Release|Any CPU
		{BF0F4669-1B12-4EA5-B91F-047C54E4F661}.Debug|Any CPU.ActiveCfg = Debug|Any CPU
		{BF0F4669-1B12-4EA5-B91F-047C54E4F661}.Debug|Any CPU.Build.0 = Debug|Any CPU
		{BF0F4669-1B12-4EA5-B91F-047C54E4F661}.Release|Any CPU.ActiveCfg = Release|Any CPU
		{BF0F4669-1B12-4EA5-B91F-047C54E4F661}.Release|Any CPU.Build.0 = Release|Any CPU
		{3027C243-24C4-4175-A00F-4DF253B89BAA}.Debug|Any CPU.ActiveCfg = Debug|Any CPU
		{3027C243-24C4-4175-A00F-4DF253B89BAA}.Debug|Any CPU.Build.0 = Debug|Any CPU
		{3027C243-24C4-4175-A00F-4DF253B89BAA}.Release|Any CPU.ActiveCfg = Release|Any CPU
		{3027C243-24C4-4175-A00F-4DF253B89BAA}.Release|Any CPU.Build.0 = Release|Any CPU
		{358BFC61-85A0-46EF-BD0F-2EEB25BD5EE5}.Debug|Any CPU.ActiveCfg = Debug|Any CPU
		{358BFC61-85A0-46EF-BD0F-2EEB25BD5EE5}.Debug|Any CPU.Build.0 = Debug|Any CPU
		{358BFC61-85A0-46EF-BD0F-2EEB25BD5EE5}.Release|Any CPU.ActiveCfg = Release|Any CPU
		{358BFC61-85A0-46EF-BD0F-2EEB25BD5EE5}.Release|Any CPU.Build.0 = Release|Any CPU
		{2654F4F9-4B30-466D-A96A-0975015F9E0A}.Debug|Any CPU.ActiveCfg = Debug|Any CPU
		{2654F4F9-4B30-466D-A96A-0975015F9E0A}.Debug|Any CPU.Build.0 = Debug|Any CPU
		{2654F4F9-4B30-466D-A96A-0975015F9E0A}.Release|Any CPU.ActiveCfg = Release|Any CPU
		{2654F4F9-4B30-466D-A96A-0975015F9E0A}.Release|Any CPU.Build.0 = Release|Any CPU
		{410D2683-7E8C-4E0B-ABA1-23FDB1B0E633}.Debug|Any CPU.ActiveCfg = Debug|Any CPU
		{410D2683-7E8C-4E0B-ABA1-23FDB1B0E633}.Debug|Any CPU.Build.0 = Debug|Any CPU
		{410D2683-7E8C-4E0B-ABA1-23FDB1B0E633}.Release|Any CPU.ActiveCfg = Release|Any CPU
		{410D2683-7E8C-4E0B-ABA1-23FDB1B0E633}.Release|Any CPU.Build.0 = Release|Any CPU
	EndGlobalSection
	GlobalSection(SolutionProperties) = preSolution
		HideSolutionNode = FALSE
	EndGlobalSection
	GlobalSection(NestedProjects) = preSolution
		{7AFD8537-6821-49CC-A324-237BB78CC417} = {1A7E254F-9AE3-4A7C-8EAE-D478A87D6592}
		{0FFEFA59-1037-445D-9793-C361310B94AB} = {1A7E254F-9AE3-4A7C-8EAE-D478A87D6592}
		{BF0F4669-1B12-4EA5-B91F-047C54E4F661} = {1A7E254F-9AE3-4A7C-8EAE-D478A87D6592}
		{3027C243-24C4-4175-A00F-4DF253B89BAA} = {1A7E254F-9AE3-4A7C-8EAE-D478A87D6592}
		{358BFC61-85A0-46EF-BD0F-2EEB25BD5EE5} = {1A7E254F-9AE3-4A7C-8EAE-D478A87D6592}
		{2654F4F9-4B30-466D-A96A-0975015F9E0A} = {C3E53C44-C421-44E4-834C-AB622D660DF5}
		{410D2683-7E8C-4E0B-ABA1-23FDB1B0E633} = {C3E53C44-C421-44E4-834C-AB622D660DF5}
	EndGlobalSection
	GlobalSection(ExtensibilityGlobals) = postSolution
		SolutionGuid = {CF8C8DEB-5FA2-4E59-9A6A-A6CE89524075}
	EndGlobalSection
EndGlobal
