
Microsoft Visual Studio Solution File, Format Version 12.00
# Visual Studio Version 17
VisualStudioVersion = 17.1.32210.238
MinimumVisualStudioVersion = 10.0.40219.1
Project("{2150E333-8FDC-42A3-9474-1A3956D46DE8}") = "Solution Items", "Solution Items", "{A862AD49-3494-4025-9CA7-EAB7E387F738}"
	ProjectSection(SolutionItems) = preProject
		.dockerignore = .dockerignore
		.editorconfig = .editorconfig
		.gitattributes = .gitattributes
		.gitignore = .gitignore
		Directory.Build.props = Directory.Build.props
		Directory.Packages.props = Directory.Packages.props
		docker-compose.override.yml = docker-compose.override.yml
		docker-compose.yml = docker-compose.yml
		global.json = global.json
		LICENSE = LICENSE
		nuget.config = nuget.config
		README.md = README.md
	EndProjectSection
EndProject
Project("{2150E333-8FDC-42A3-9474-1A3956D46DE8}") = "src", "src", "{1A7E254F-9AE3-4A7C-8EAE-D478A87D6592}"
EndProject
Project("{2150E333-8FDC-42A3-9474-1A3956D46DE8}") = "tests", "tests", "{C3E53C44-C421-44E4-834C-AB622D660DF5}"
EndProject
Project("{9A19103F-16F7-4668-BE54-9A1E7A4F7556}") = "SGP.Shared", "src\SGP.Shared\SGP.Shared.csproj", "{73F4A641-CAA8-4AE5-B019-ADADF72DC7D1}"
EndProject
Project("{9A19103F-16F7-4668-BE54-9A1E7A4F7556}") = "SGP.Domain", "src\SGP.Domain\SGP.Domain.csproj", "{859DF090-F363-43CB-8534-9AAB1DBBDE05}"
EndProject
Project("{9A19103F-16F7-4668-BE54-9A1E7A4F7556}") = "SGP.Infrastructure", "src\SGP.Infrastructure\SGP.Infrastructure.csproj", "{7EB4A0BB-98B6-4C54-A112-562A4E78D0B4}"
EndProject
Project("{9A19103F-16F7-4668-BE54-9A1E7A4F7556}") = "SGP.Application", "src\SGP.Application\SGP.Application.csproj", "{17236D75-2FC5-4D6A-9CD1-C3BFE13EB647}"
EndProject
Project("{9A19103F-16F7-4668-BE54-9A1E7A4F7556}") = "SGP.PublicApi", "src\SGP.PublicApi\SGP.PublicApi.csproj", "{354FFA12-4DEF-49A6-88B1-83B45F35350A}"
EndProject
Project("{9A19103F-16F7-4668-BE54-9A1E7A4F7556}") = "SGP.Tests", "tests\SGP.Tests\SGP.Tests.csproj", "{3FB54454-0FC3-4BB9-87A1-92AD63745C53}"
EndProject
Project("{2150E333-8FDC-42A3-9474-1A3956D46DE8}") = "workflows", "workflows", "{17C9636E-57FC-4E6B-8A4E-B69268BCBF7D}"
	ProjectSection(SolutionItems) = preProject
		.github\workflows\codeql-analysis.yml = .github\workflows\codeql-analysis.yml
		.github\workflows\devskim-analysis.yml = .github\workflows\devskim-analysis.yml
		.github\workflows\dotnet.yml = .github\workflows\dotnet.yml
		.github\workflows\nightly-cleanup.yml = .github\workflows\nightly-cleanup.yml
		.github\workflows\sonar-cloud.yml = .github\workflows\sonar-cloud.yml
	EndProjectSection
EndProject
Project("{2150E333-8FDC-42A3-9474-1A3956D46DE8}") = "Core", "Core", "{0C913A98-ECBB-4054-A6AE-715519D763C2}"
EndProject
Project("{2150E333-8FDC-42A3-9474-1A3956D46DE8}") = "Presentation", "Presentation", "{00637B26-894B-4784-9D83-29655C34E53B}"
EndProject
Project("{2150E333-8FDC-42A3-9474-1A3956D46DE8}") = "Infrastructure", "Infrastructure", "{AB2855AD-3878-486B-9A6D-E0FE5574B960}"
EndProject
Project("{E53339B2-1760-4266-BCC7-CA923CBCF16C}") = "docker-compose", "docker-compose.dcproj", "{229F01B9-53B4-4A13-B8DE-0D20B622B8B0}"
EndProject
Global
	GlobalSection(SolutionConfigurationPlatforms) = preSolution
		Debug|Any CPU = Debug|Any CPU
		Release|Any CPU = Release|Any CPU
	EndGlobalSection
	GlobalSection(ProjectConfigurationPlatforms) = postSolution
		{73F4A641-CAA8-4AE5-B019-ADADF72DC7D1}.Debug|Any CPU.ActiveCfg = Debug|Any CPU
		{73F4A641-CAA8-4AE5-B019-ADADF72DC7D1}.Debug|Any CPU.Build.0 = Debug|Any CPU
		{73F4A641-CAA8-4AE5-B019-ADADF72DC7D1}.Release|Any CPU.ActiveCfg = Release|Any CPU
		{73F4A641-CAA8-4AE5-B019-ADADF72DC7D1}.Release|Any CPU.Build.0 = Release|Any CPU
		{859DF090-F363-43CB-8534-9AAB1DBBDE05}.Debug|Any CPU.ActiveCfg = Debug|Any CPU
		{859DF090-F363-43CB-8534-9AAB1DBBDE05}.Debug|Any CPU.Build.0 = Debug|Any CPU
		{859DF090-F363-43CB-8534-9AAB1DBBDE05}.Release|Any CPU.ActiveCfg = Release|Any CPU
		{859DF090-F363-43CB-8534-9AAB1DBBDE05}.Release|Any CPU.Build.0 = Release|Any CPU
		{7EB4A0BB-98B6-4C54-A112-562A4E78D0B4}.Debug|Any CPU.ActiveCfg = Debug|Any CPU
		{7EB4A0BB-98B6-4C54-A112-562A4E78D0B4}.Debug|Any CPU.Build.0 = Debug|Any CPU
		{7EB4A0BB-98B6-4C54-A112-562A4E78D0B4}.Release|Any CPU.ActiveCfg = Release|Any CPU
		{7EB4A0BB-98B6-4C54-A112-562A4E78D0B4}.Release|Any CPU.Build.0 = Release|Any CPU
		{17236D75-2FC5-4D6A-9CD1-C3BFE13EB647}.Debug|Any CPU.ActiveCfg = Debug|Any CPU
		{17236D75-2FC5-4D6A-9CD1-C3BFE13EB647}.Debug|Any CPU.Build.0 = Debug|Any CPU
		{17236D75-2FC5-4D6A-9CD1-C3BFE13EB647}.Release|Any CPU.ActiveCfg = Release|Any CPU
		{17236D75-2FC5-4D6A-9CD1-C3BFE13EB647}.Release|Any CPU.Build.0 = Release|Any CPU
		{354FFA12-4DEF-49A6-88B1-83B45F35350A}.Debug|Any CPU.ActiveCfg = Debug|Any CPU
		{354FFA12-4DEF-49A6-88B1-83B45F35350A}.Debug|Any CPU.Build.0 = Debug|Any CPU
		{354FFA12-4DEF-49A6-88B1-83B45F35350A}.Release|Any CPU.ActiveCfg = Release|Any CPU
		{354FFA12-4DEF-49A6-88B1-83B45F35350A}.Release|Any CPU.Build.0 = Release|Any CPU
		{3FB54454-0FC3-4BB9-87A1-92AD63745C53}.Debug|Any CPU.ActiveCfg = Debug|Any CPU
		{3FB54454-0FC3-4BB9-87A1-92AD63745C53}.Debug|Any CPU.Build.0 = Debug|Any CPU
		{3FB54454-0FC3-4BB9-87A1-92AD63745C53}.Release|Any CPU.ActiveCfg = Release|Any CPU
		{3FB54454-0FC3-4BB9-87A1-92AD63745C53}.Release|Any CPU.Build.0 = Release|Any CPU
		{229F01B9-53B4-4A13-B8DE-0D20B622B8B0}.Debug|Any CPU.ActiveCfg = Debug|Any CPU
		{229F01B9-53B4-4A13-B8DE-0D20B622B8B0}.Debug|Any CPU.Build.0 = Debug|Any CPU
		{229F01B9-53B4-4A13-B8DE-0D20B622B8B0}.Release|Any CPU.ActiveCfg = Release|Any CPU
		{229F01B9-53B4-4A13-B8DE-0D20B622B8B0}.Release|Any CPU.Build.0 = Release|Any CPU
	EndGlobalSection
	GlobalSection(SolutionProperties) = preSolution
		HideSolutionNode = FALSE
	EndGlobalSection
	GlobalSection(NestedProjects) = preSolution
		{73F4A641-CAA8-4AE5-B019-ADADF72DC7D1} = {0C913A98-ECBB-4054-A6AE-715519D763C2}
		{859DF090-F363-43CB-8534-9AAB1DBBDE05} = {0C913A98-ECBB-4054-A6AE-715519D763C2}
		{7EB4A0BB-98B6-4C54-A112-562A4E78D0B4} = {AB2855AD-3878-486B-9A6D-E0FE5574B960}
		{17236D75-2FC5-4D6A-9CD1-C3BFE13EB647} = {0C913A98-ECBB-4054-A6AE-715519D763C2}
		{354FFA12-4DEF-49A6-88B1-83B45F35350A} = {00637B26-894B-4784-9D83-29655C34E53B}
		{3FB54454-0FC3-4BB9-87A1-92AD63745C53} = {C3E53C44-C421-44E4-834C-AB622D660DF5}
		{17C9636E-57FC-4E6B-8A4E-B69268BCBF7D} = {A862AD49-3494-4025-9CA7-EAB7E387F738}
		{0C913A98-ECBB-4054-A6AE-715519D763C2} = {1A7E254F-9AE3-4A7C-8EAE-D478A87D6592}
		{00637B26-894B-4784-9D83-29655C34E53B} = {1A7E254F-9AE3-4A7C-8EAE-D478A87D6592}
		{AB2855AD-3878-486B-9A6D-E0FE5574B960} = {1A7E254F-9AE3-4A7C-8EAE-D478A87D6592}
	EndGlobalSection
	GlobalSection(ExtensibilityGlobals) = postSolution
		SolutionGuid = {CF8C8DEB-5FA2-4E59-9A6A-A6CE89524075}
	EndGlobalSection
EndGlobal
